
Microsoft Visual Studio Solution File, Format Version 12.00
# Visual Studio 14
VisualStudioVersion = 14.0.24720.0
MinimumVisualStudioVersion = 10.0.40219.1
Project("{FAE04EC0-301F-11D3-BF4B-00C04F79EFBC}") = "priem_doktov", "priem_doktov\priem_doktov.csproj", "{0915A783-1B7B-4192-ABC8-C606ED4C8A24}"
EndProject
Project("{FAE04EC0-301F-11D3-BF4B-00C04F79EFBC}") = "tnt_kassa", "tnt_kassa\tnt_kassa.csproj", "{F865F965-61C4-4255-89DC-FD216D255B7B}"
EndProject
Project("{FAE04EC0-301F-11D3-BF4B-00C04F79EFBC}") = "trianon_test", "trianon_test\trianon_test.csproj", "{4D6E3E8D-6593-4003-B1BD-3C07B3900A39}"
EndProject
Project("{FAE04EC0-301F-11D3-BF4B-00C04F79EFBC}") = "check_sender", "check_sender\check_sender.csproj", "{637209BA-71B7-4597-9F4B-AB7802CE5D28}"
EndProject
Project("{FAE04EC0-301F-11D3-BF4B-00C04F79EFBC}") = "alfabank", "alfabank\alfabank.csproj", "{22600B6A-7A8A-4FEA-828E-4CFF26AA19F3}"
EndProject
Global
	GlobalSection(SolutionConfigurationPlatforms) = preSolution
		Debug|Any CPU = Debug|Any CPU
		Release|Any CPU = Release|Any CPU
	EndGlobalSection
	GlobalSection(ProjectConfigurationPlatforms) = postSolution
		{0915A783-1B7B-4192-ABC8-C606ED4C8A24}.Debug|Any CPU.ActiveCfg = Debug|Any CPU
		{0915A783-1B7B-4192-ABC8-C606ED4C8A24}.Debug|Any CPU.Build.0 = Debug|Any CPU
		{0915A783-1B7B-4192-ABC8-C606ED4C8A24}.Release|Any CPU.ActiveCfg = Release|Any CPU
		{0915A783-1B7B-4192-ABC8-C606ED4C8A24}.Release|Any CPU.Build.0 = Release|Any CPU
		{F865F965-61C4-4255-89DC-FD216D255B7B}.Debug|Any CPU.ActiveCfg = Debug|Any CPU
		{F865F965-61C4-4255-89DC-FD216D255B7B}.Debug|Any CPU.Build.0 = Debug|Any CPU
		{F865F965-61C4-4255-89DC-FD216D255B7B}.Release|Any CPU.ActiveCfg = Release|Any CPU
		{F865F965-61C4-4255-89DC-FD216D255B7B}.Release|Any CPU.Build.0 = Release|Any CPU
		{4D6E3E8D-6593-4003-B1BD-3C07B3900A39}.Debug|Any CPU.ActiveCfg = Debug|Any CPU
		{4D6E3E8D-6593-4003-B1BD-3C07B3900A39}.Debug|Any CPU.Build.0 = Debug|Any CPU
		{4D6E3E8D-6593-4003-B1BD-3C07B3900A39}.Release|Any CPU.ActiveCfg = Release|Any CPU
		{4D6E3E8D-6593-4003-B1BD-3C07B3900A39}.Release|Any CPU.Build.0 = Release|Any CPU
		{637209BA-71B7-4597-9F4B-AB7802CE5D28}.Debug|Any CPU.ActiveCfg = Debug|Any CPU
		{637209BA-71B7-4597-9F4B-AB7802CE5D28}.Debug|Any CPU.Build.0 = Debug|Any CPU
		{637209BA-71B7-4597-9F4B-AB7802CE5D28}.Release|Any CPU.ActiveCfg = Release|Any CPU
		{637209BA-71B7-4597-9F4B-AB7802CE5D28}.Release|Any CPU.Build.0 = Release|Any CPU
		{22600B6A-7A8A-4FEA-828E-4CFF26AA19F3}.Debug|Any CPU.ActiveCfg = Debug|Any CPU
		{22600B6A-7A8A-4FEA-828E-4CFF26AA19F3}.Debug|Any CPU.Build.0 = Debug|Any CPU
		{22600B6A-7A8A-4FEA-828E-4CFF26AA19F3}.Release|Any CPU.ActiveCfg = Release|Any CPU
		{22600B6A-7A8A-4FEA-828E-4CFF26AA19F3}.Release|Any CPU.Build.0 = Release|Any CPU
	EndGlobalSection
	GlobalSection(SolutionProperties) = preSolution
		HideSolutionNode = FALSE
	EndGlobalSection
EndGlobal
